// !$*UTF8*$!
{
	archiveVersion = 1;
	classes = {
	};
	objectVersion = 56;
	objects = {

/* Begin PBXBuildFile section */
		6D1CC1062CC7706500F24EA0 /* RecipeRouletteApp.swift in Sources */ = {isa = PBXBuildFile; fileRef = 6D1CC1052CC7706500F24EA0 /* RecipeRouletteApp.swift */; };
		6D1CC1082CC7706500F24EA0 /* ContentView.swift in Sources */ = {isa = PBXBuildFile; fileRef = 6D1CC1072CC7706500F24EA0 /* ContentView.swift */; };
		6D1CC10A2CC7706800F24EA0 /* Assets.xcassets in Resources */ = {isa = PBXBuildFile; fileRef = 6D1CC1092CC7706800F24EA0 /* Assets.xcassets */; };
		6D1CC10E2CC7706800F24EA0 /* Preview Assets.xcassets in Resources */ = {isa = PBXBuildFile; fileRef = 6D1CC10D2CC7706800F24EA0 /* Preview Assets.xcassets */; };
		6D1CC1182CC7706800F24EA0 /* RecipeRouletteTests.swift in Sources */ = {isa = PBXBuildFile; fileRef = 6D1CC1172CC7706800F24EA0 /* RecipeRouletteTests.swift */; };
		6D1CC1222CC7706800F24EA0 /* RecipeRouletteUITests.swift in Sources */ = {isa = PBXBuildFile; fileRef = 6D1CC1212CC7706800F24EA0 /* RecipeRouletteUITests.swift */; };
		6D1CC1242CC7706800F24EA0 /* RecipeRouletteUITestsLaunchTests.swift in Sources */ = {isa = PBXBuildFile; fileRef = 6D1CC1232CC7706800F24EA0 /* RecipeRouletteUITestsLaunchTests.swift */; };
/* End PBXBuildFile section */

/* Begin PBXContainerItemProxy section */
		6D1CC1142CC7706800F24EA0 /* PBXContainerItemProxy */ = {
			isa = PBXContainerItemProxy;
			containerPortal = 6D1CC0FA2CC7706500F24EA0 /* Project object */;
			proxyType = 1;
			remoteGlobalIDString = 6D1CC1012CC7706500F24EA0;
			remoteInfo = RecipeRoulette;
		};
		6D1CC11E2CC7706800F24EA0 /* PBXContainerItemProxy */ = {
			isa = PBXContainerItemProxy;
			containerPortal = 6D1CC0FA2CC7706500F24EA0 /* Project object */;
			proxyType = 1;
			remoteGlobalIDString = 6D1CC1012CC7706500F24EA0;
			remoteInfo = RecipeRoulette;
		};
/* End PBXContainerItemProxy section */

/* Begin PBXFileReference section */
		6D1CC1022CC7706500F24EA0 /* RecipeRoulette.app */ = {isa = PBXFileReference; explicitFileType = wrapper.application; includeInIndex = 0; path = RecipeRoulette.app; sourceTree = BUILT_PRODUCTS_DIR; };
		6D1CC1052CC7706500F24EA0 /* RecipeRouletteApp.swift */ = {isa = PBXFileReference; lastKnownFileType = sourcecode.swift; path = RecipeRouletteApp.swift; sourceTree = "<group>"; };
		6D1CC1072CC7706500F24EA0 /* ContentView.swift */ = {isa = PBXFileReference; lastKnownFileType = sourcecode.swift; path = ContentView.swift; sourceTree = "<group>"; };
		6D1CC1092CC7706800F24EA0 /* Assets.xcassets */ = {isa = PBXFileReference; lastKnownFileType = folder.assetcatalog; path = Assets.xcassets; sourceTree = "<group>"; };
		6D1CC10B2CC7706800F24EA0 /* RecipeRoulette.entitlements */ = {isa = PBXFileReference; lastKnownFileType = text.plist.entitlements; path = RecipeRoulette.entitlements; sourceTree = "<group>"; };
		6D1CC10D2CC7706800F24EA0 /* Preview Assets.xcassets */ = {isa = PBXFileReference; lastKnownFileType = folder.assetcatalog; path = "Preview Assets.xcassets"; sourceTree = "<group>"; };
		6D1CC1132CC7706800F24EA0 /* RecipeRouletteTests.xctest */ = {isa = PBXFileReference; explicitFileType = wrapper.cfbundle; includeInIndex = 0; path = RecipeRouletteTests.xctest; sourceTree = BUILT_PRODUCTS_DIR; };
		6D1CC1172CC7706800F24EA0 /* RecipeRouletteTests.swift */ = {isa = PBXFileReference; lastKnownFileType = sourcecode.swift; path = RecipeRouletteTests.swift; sourceTree = "<group>"; };
		6D1CC11D2CC7706800F24EA0 /* RecipeRouletteUITests.xctest */ = {isa = PBXFileReference; explicitFileType = wrapper.cfbundle; includeInIndex = 0; path = RecipeRouletteUITests.xctest; sourceTree = BUILT_PRODUCTS_DIR; };
		6D1CC1212CC7706800F24EA0 /* RecipeRouletteUITests.swift */ = {isa = PBXFileReference; lastKnownFileType = sourcecode.swift; path = RecipeRouletteUITests.swift; sourceTree = "<group>"; };
		6D1CC1232CC7706800F24EA0 /* RecipeRouletteUITestsLaunchTests.swift */ = {isa = PBXFileReference; lastKnownFileType = sourcecode.swift; path = RecipeRouletteUITestsLaunchTests.swift; sourceTree = "<group>"; };
/* End PBXFileReference section */

/* Begin PBXFrameworksBuildPhase section */
		6D1CC0FF2CC7706500F24EA0 /* Frameworks */ = {
			isa = PBXFrameworksBuildPhase;
			buildActionMask = 2147483647;
			files = (
			);
			runOnlyForDeploymentPostprocessing = 0;
		};
		6D1CC1102CC7706800F24EA0 /* Frameworks */ = {
			isa = PBXFrameworksBuildPhase;
			buildActionMask = 2147483647;
			files = (
			);
			runOnlyForDeploymentPostprocessing = 0;
		};
		6D1CC11A2CC7706800F24EA0 /* Frameworks */ = {
			isa = PBXFrameworksBuildPhase;
			buildActionMask = 2147483647;
			files = (
			);
			runOnlyForDeploymentPostprocessing = 0;
		};
/* End PBXFrameworksBuildPhase section */

/* Begin PBXGroup section */
		6D1CC0F92CC7706500F24EA0 = {
			isa = PBXGroup;
			children = (
				6D1CC1042CC7706500F24EA0 /* RecipeRoulette */,
				6D1CC1162CC7706800F24EA0 /* RecipeRouletteTests */,
				6D1CC1202CC7706800F24EA0 /* RecipeRouletteUITests */,
				6D1CC1032CC7706500F24EA0 /* Products */,
			);
			sourceTree = "<group>";
		};
		6D1CC1032CC7706500F24EA0 /* Products */ = {
			isa = PBXGroup;
			children = (
				6D1CC1022CC7706500F24EA0 /* RecipeRoulette.app */,
				6D1CC1132CC7706800F24EA0 /* RecipeRouletteTests.xctest */,
				6D1CC11D2CC7706800F24EA0 /* RecipeRouletteUITests.xctest */,
			);
			name = Products;
			sourceTree = "<group>";
		};
		6D1CC1042CC7706500F24EA0 /* RecipeRoulette */ = {
			isa = PBXGroup;
			children = (
				6D1CC1052CC7706500F24EA0 /* RecipeRouletteApp.swift */,
				6D1CC1072CC7706500F24EA0 /* ContentView.swift */,
				6D1CC1092CC7706800F24EA0 /* Assets.xcassets */,
				6D1CC10B2CC7706800F24EA0 /* RecipeRoulette.entitlements */,
				6D1CC10C2CC7706800F24EA0 /* Preview Content */,
			);
			path = RecipeRoulette;
			sourceTree = "<group>";
		};
		6D1CC10C2CC7706800F24EA0 /* Preview Content */ = {
			isa = PBXGroup;
			children = (
				6D1CC10D2CC7706800F24EA0 /* Preview Assets.xcassets */,
			);
			path = "Preview Content";
			sourceTree = "<group>";
		};
		6D1CC1162CC7706800F24EA0 /* RecipeRouletteTests */ = {
			isa = PBXGroup;
			children = (
				6D1CC1172CC7706800F24EA0 /* RecipeRouletteTests.swift */,
			);
			path = RecipeRouletteTests;
			sourceTree = "<group>";
		};
		6D1CC1202CC7706800F24EA0 /* RecipeRouletteUITests */ = {
			isa = PBXGroup;
			children = (
				6D1CC1212CC7706800F24EA0 /* RecipeRouletteUITests.swift */,
				6D1CC1232CC7706800F24EA0 /* RecipeRouletteUITestsLaunchTests.swift */,
			);
			path = RecipeRouletteUITests;
			sourceTree = "<group>";
		};
/* End PBXGroup section */

/* Begin PBXNativeTarget section */
		6D1CC1012CC7706500F24EA0 /* RecipeRoulette */ = {
			isa = PBXNativeTarget;
			buildConfigurationList = 6D1CC1272CC7706800F24EA0 /* Build configuration list for PBXNativeTarget "RecipeRoulette" */;
			buildPhases = (
				6D1CC0FE2CC7706500F24EA0 /* Sources */,
				6D1CC0FF2CC7706500F24EA0 /* Frameworks */,
				6D1CC1002CC7706500F24EA0 /* Resources */,
			);
			buildRules = (
			);
			dependencies = (
			);
			name = RecipeRoulette;
			productName = RecipeRoulette;
			productReference = 6D1CC1022CC7706500F24EA0 /* RecipeRoulette.app */;
			productType = "com.apple.product-type.application";
		};
		6D1CC1122CC7706800F24EA0 /* RecipeRouletteTests */ = {
			isa = PBXNativeTarget;
			buildConfigurationList = 6D1CC12A2CC7706800F24EA0 /* Build configuration list for PBXNativeTarget "RecipeRouletteTests" */;
			buildPhases = (
				6D1CC10F2CC7706800F24EA0 /* Sources */,
				6D1CC1102CC7706800F24EA0 /* Frameworks */,
				6D1CC1112CC7706800F24EA0 /* Resources */,
			);
			buildRules = (
			);
			dependencies = (
				6D1CC1152CC7706800F24EA0 /* PBXTargetDependency */,
			);
			name = RecipeRouletteTests;
			productName = RecipeRouletteTests;
			productReference = 6D1CC1132CC7706800F24EA0 /* RecipeRouletteTests.xctest */;
			productType = "com.apple.product-type.bundle.unit-test";
		};
		6D1CC11C2CC7706800F24EA0 /* RecipeRouletteUITests */ = {
			isa = PBXNativeTarget;
			buildConfigurationList = 6D1CC12D2CC7706800F24EA0 /* Build configuration list for PBXNativeTarget "RecipeRouletteUITests" */;
			buildPhases = (
				6D1CC1192CC7706800F24EA0 /* Sources */,
				6D1CC11A2CC7706800F24EA0 /* Frameworks */,
				6D1CC11B2CC7706800F24EA0 /* Resources */,
			);
			buildRules = (
			);
			dependencies = (
				6D1CC11F2CC7706800F24EA0 /* PBXTargetDependency */,
			);
			name = RecipeRouletteUITests;
			productName = RecipeRouletteUITests;
			productReference = 6D1CC11D2CC7706800F24EA0 /* RecipeRouletteUITests.xctest */;
			productType = "com.apple.product-type.bundle.ui-testing";
		};
/* End PBXNativeTarget section */

/* Begin PBXProject section */
		6D1CC0FA2CC7706500F24EA0 /* Project object */ = {
			isa = PBXProject;
			attributes = {
				BuildIndependentTargetsInParallel = 1;
				LastSwiftUpdateCheck = 1530;
				LastUpgradeCheck = 1530;
				TargetAttributes = {
					6D1CC1012CC7706500F24EA0 = {
						CreatedOnToolsVersion = 15.3;
					};
					6D1CC1122CC7706800F24EA0 = {
						CreatedOnToolsVersion = 15.3;
						TestTargetID = 6D1CC1012CC7706500F24EA0;
					};
					6D1CC11C2CC7706800F24EA0 = {
						CreatedOnToolsVersion = 15.3;
						TestTargetID = 6D1CC1012CC7706500F24EA0;
					};
				};
			};
			buildConfigurationList = 6D1CC0FD2CC7706500F24EA0 /* Build configuration list for PBXProject "RecipeRoulette" */;
			compatibilityVersion = "Xcode 14.0";
			developmentRegion = en;
			hasScannedForEncodings = 0;
			knownRegions = (
				en,
				Base,
			);
			mainGroup = 6D1CC0F92CC7706500F24EA0;
			productRefGroup = 6D1CC1032CC7706500F24EA0 /* Products */;
			projectDirPath = "";
			projectRoot = "";
			targets = (
				6D1CC1012CC7706500F24EA0 /* RecipeRoulette */,
				6D1CC1122CC7706800F24EA0 /* RecipeRouletteTests */,
				6D1CC11C2CC7706800F24EA0 /* RecipeRouletteUITests */,
			);
		};
/* End PBXProject section */

/* Begin PBXResourcesBuildPhase section */
		6D1CC1002CC7706500F24EA0 /* Resources */ = {
			isa = PBXResourcesBuildPhase;
			buildActionMask = 2147483647;
			files = (
				6D1CC10E2CC7706800F24EA0 /* Preview Assets.xcassets in Resources */,
				6D1CC10A2CC7706800F24EA0 /* Assets.xcassets in Resources */,
			);
			runOnlyForDeploymentPostprocessing = 0;
		};
		6D1CC1112CC7706800F24EA0 /* Resources */ = {
			isa = PBXResourcesBuildPhase;
			buildActionMask = 2147483647;
			files = (
			);
			runOnlyForDeploymentPostprocessing = 0;
		};
		6D1CC11B2CC7706800F24EA0 /* Resources */ = {
			isa = PBXResourcesBuildPhase;
			buildActionMask = 2147483647;
			files = (
			);
			runOnlyForDeploymentPostprocessing = 0;
		};
/* End PBXResourcesBuildPhase section */

/* Begin PBXSourcesBuildPhase section */
		6D1CC0FE2CC7706500F24EA0 /* Sources */ = {
			isa = PBXSourcesBuildPhase;
			buildActionMask = 2147483647;
			files = (
				6D1CC1082CC7706500F24EA0 /* ContentView.swift in Sources */,
				6D1CC1062CC7706500F24EA0 /* RecipeRouletteApp.swift in Sources */,
			);
			runOnlyForDeploymentPostprocessing = 0;
		};
		6D1CC10F2CC7706800F24EA0 /* Sources */ = {
			isa = PBXSourcesBuildPhase;
			buildActionMask = 2147483647;
			files = (
				6D1CC1182CC7706800F24EA0 /* RecipeRouletteTests.swift in Sources */,
			);
			runOnlyForDeploymentPostprocessing = 0;
		};
		6D1CC1192CC7706800F24EA0 /* Sources */ = {
			isa = PBXSourcesBuildPhase;
			buildActionMask = 2147483647;
			files = (
				6D1CC1242CC7706800F24EA0 /* RecipeRouletteUITestsLaunchTests.swift in Sources */,
				6D1CC1222CC7706800F24EA0 /* RecipeRouletteUITests.swift in Sources */,
			);
			runOnlyForDeploymentPostprocessing = 0;
		};
/* End PBXSourcesBuildPhase section */

/* Begin PBXTargetDependency section */
		6D1CC1152CC7706800F24EA0 /* PBXTargetDependency */ = {
			isa = PBXTargetDependency;
			target = 6D1CC1012CC7706500F24EA0 /* RecipeRoulette */;
			targetProxy = 6D1CC1142CC7706800F24EA0 /* PBXContainerItemProxy */;
		};
		6D1CC11F2CC7706800F24EA0 /* PBXTargetDependency */ = {
			isa = PBXTargetDependency;
			target = 6D1CC1012CC7706500F24EA0 /* RecipeRoulette */;
			targetProxy = 6D1CC11E2CC7706800F24EA0 /* PBXContainerItemProxy */;
		};
/* End PBXTargetDependency section */

/* Begin XCBuildConfiguration section */
		6D1CC1252CC7706800F24EA0 /* Debug */ = {
			isa = XCBuildConfiguration;
			buildSettings = {
				ALWAYS_SEARCH_USER_PATHS = NO;
				ASSETCATALOG_COMPILER_GENERATE_SWIFT_ASSET_SYMBOL_EXTENSIONS = YES;
				CLANG_ANALYZER_NONNULL = YES;
				CLANG_ANALYZER_NUMBER_OBJECT_CONVERSION = YES_AGGRESSIVE;
				CLANG_CXX_LANGUAGE_STANDARD = "gnu++20";
				CLANG_ENABLE_MODULES = YES;
				CLANG_ENABLE_OBJC_ARC = YES;
				CLANG_ENABLE_OBJC_WEAK = YES;
				CLANG_WARN_BLOCK_CAPTURE_AUTORELEASING = YES;
				CLANG_WARN_BOOL_CONVERSION = YES;
				CLANG_WARN_COMMA = YES;
				CLANG_WARN_CONSTANT_CONVERSION = YES;
				CLANG_WARN_DEPRECATED_OBJC_IMPLEMENTATIONS = YES;
				CLANG_WARN_DIRECT_OBJC_ISA_USAGE = YES_ERROR;
				CLANG_WARN_DOCUMENTATION_COMMENTS = YES;
				CLANG_WARN_EMPTY_BODY = YES;
				CLANG_WARN_ENUM_CONVERSION = YES;
				CLANG_WARN_INFINITE_RECURSION = YES;
				CLANG_WARN_INT_CONVERSION = YES;
				CLANG_WARN_NON_LITERAL_NULL_CONVERSION = YES;
				CLANG_WARN_OBJC_IMPLICIT_RETAIN_SELF = YES;
				CLANG_WARN_OBJC_LITERAL_CONVERSION = YES;
				CLANG_WARN_OBJC_ROOT_CLASS = YES_ERROR;
				CLANG_WARN_QUOTED_INCLUDE_IN_FRAMEWORK_HEADER = YES;
				CLANG_WARN_RANGE_LOOP_ANALYSIS = YES;
				CLANG_WARN_STRICT_PROTOTYPES = YES;
				CLANG_WARN_SUSPICIOUS_MOVE = YES;
				CLANG_WARN_UNGUARDED_AVAILABILITY = YES_AGGRESSIVE;
				CLANG_WARN_UNREACHABLE_CODE = YES;
				CLANG_WARN__DUPLICATE_METHOD_MATCH = YES;
				COPY_PHASE_STRIP = NO;
				DEBUG_INFORMATION_FORMAT = dwarf;
				ENABLE_STRICT_OBJC_MSGSEND = YES;
				ENABLE_TESTABILITY = YES;
				ENABLE_USER_SCRIPT_SANDBOXING = YES;
				GCC_C_LANGUAGE_STANDARD = gnu17;
				GCC_DYNAMIC_NO_PIC = NO;
				GCC_NO_COMMON_BLOCKS = YES;
				GCC_OPTIMIZATION_LEVEL = 0;
				GCC_PREPROCESSOR_DEFINITIONS = (
					"DEBUG=1",
					"$(inherited)",
				);
				GCC_WARN_64_TO_32_BIT_CONVERSION = YES;
				GCC_WARN_ABOUT_RETURN_TYPE = YES_ERROR;
				GCC_WARN_UNDECLARED_SELECTOR = YES;
				GCC_WARN_UNINITIALIZED_AUTOS = YES_AGGRESSIVE;
				GCC_WARN_UNUSED_FUNCTION = YES;
				GCC_WARN_UNUSED_VARIABLE = YES;
				LOCALIZATION_PREFERS_STRING_CATALOGS = YES;
				MTL_ENABLE_DEBUG_INFO = INCLUDE_SOURCE;
				MTL_FAST_MATH = YES;
				ONLY_ACTIVE_ARCH = YES;
				SWIFT_ACTIVE_COMPILATION_CONDITIONS = "DEBUG $(inherited)";
				SWIFT_OPTIMIZATION_LEVEL = "-Onone";
			};
			name = Debug;
		};
		6D1CC1262CC7706800F24EA0 /* Release */ = {
			isa = XCBuildConfiguration;
			buildSettings = {
				ALWAYS_SEARCH_USER_PATHS = NO;
				ASSETCATALOG_COMPILER_GENERATE_SWIFT_ASSET_SYMBOL_EXTENSIONS = YES;
				CLANG_ANALYZER_NONNULL = YES;
				CLANG_ANALYZER_NUMBER_OBJECT_CONVERSION = YES_AGGRESSIVE;
				CLANG_CXX_LANGUAGE_STANDARD = "gnu++20";
				CLANG_ENABLE_MODULES = YES;
				CLANG_ENABLE_OBJC_ARC = YES;
				CLANG_ENABLE_OBJC_WEAK = YES;
				CLANG_WARN_BLOCK_CAPTURE_AUTORELEASING = YES;
				CLANG_WARN_BOOL_CONVERSION = YES;
				CLANG_WARN_COMMA = YES;
				CLANG_WARN_CONSTANT_CONVERSION = YES;
				CLANG_WARN_DEPRECATED_OBJC_IMPLEMENTATIONS = YES;
				CLANG_WARN_DIRECT_OBJC_ISA_USAGE = YES_ERROR;
				CLANG_WARN_DOCUMENTATION_COMMENTS = YES;
				CLANG_WARN_EMPTY_BODY = YES;
				CLANG_WARN_ENUM_CONVERSION = YES;
				CLANG_WARN_INFINITE_RECURSION = YES;
				CLANG_WARN_INT_CONVERSION = YES;
				CLANG_WARN_NON_LITERAL_NULL_CONVERSION = YES;
				CLANG_WARN_OBJC_IMPLICIT_RETAIN_SELF = YES;
				CLANG_WARN_OBJC_LITERAL_CONVERSION = YES;
				CLANG_WARN_OBJC_ROOT_CLASS = YES_ERROR;
				CLANG_WARN_QUOTED_INCLUDE_IN_FRAMEWORK_HEADER = YES;
				CLANG_WARN_RANGE_LOOP_ANALYSIS = YES;
				CLANG_WARN_STRICT_PROTOTYPES = YES;
				CLANG_WARN_SUSPICIOUS_MOVE = YES;
				CLANG_WARN_UNGUARDED_AVAILABILITY = YES_AGGRESSIVE;
				CLANG_WARN_UNREACHABLE_CODE = YES;
				CLANG_WARN__DUPLICATE_METHOD_MATCH = YES;
				COPY_PHASE_STRIP = NO;
				DEBUG_INFORMATION_FORMAT = "dwarf-with-dsym";
				ENABLE_NS_ASSERTIONS = NO;
				ENABLE_STRICT_OBJC_MSGSEND = YES;
				ENABLE_USER_SCRIPT_SANDBOXING = YES;
				GCC_C_LANGUAGE_STANDARD = gnu17;
				GCC_NO_COMMON_BLOCKS = YES;
				GCC_WARN_64_TO_32_BIT_CONVERSION = YES;
				GCC_WARN_ABOUT_RETURN_TYPE = YES_ERROR;
				GCC_WARN_UNDECLARED_SELECTOR = YES;
				GCC_WARN_UNINITIALIZED_AUTOS = YES_AGGRESSIVE;
				GCC_WARN_UNUSED_FUNCTION = YES;
				GCC_WARN_UNUSED_VARIABLE = YES;
				LOCALIZATION_PREFERS_STRING_CATALOGS = YES;
				MTL_ENABLE_DEBUG_INFO = NO;
				MTL_FAST_MATH = YES;
				SWIFT_COMPILATION_MODE = wholemodule;
			};
			name = Release;
		};
		6D1CC1282CC7706800F24EA0 /* Debug */ = {
			isa = XCBuildConfiguration;
			buildSettings = {
				ASSETCATALOG_COMPILER_APPICON_NAME = AppIcon;
				ASSETCATALOG_COMPILER_GLOBAL_ACCENT_COLOR_NAME = AccentColor;
				CODE_SIGN_ENTITLEMENTS = RecipeRoulette/RecipeRoulette.entitlements;
				CODE_SIGN_STYLE = Automatic;
				CURRENT_PROJECT_VERSION = 1;
				DEVELOPMENT_ASSET_PATHS = "\"RecipeRoulette/Preview Content\"";
				ENABLE_PREVIEWS = YES;
				GENERATE_INFOPLIST_FILE = YES;
				"INFOPLIST_KEY_UIApplicationSceneManifest_Generation[sdk=iphoneos*]" = YES;
				"INFOPLIST_KEY_UIApplicationSceneManifest_Generation[sdk=iphonesimulator*]" = YES;
				"INFOPLIST_KEY_UIApplicationSupportsIndirectInputEvents[sdk=iphoneos*]" = YES;
				"INFOPLIST_KEY_UIApplicationSupportsIndirectInputEvents[sdk=iphonesimulator*]" = YES;
				"INFOPLIST_KEY_UILaunchScreen_Generation[sdk=iphoneos*]" = YES;
				"INFOPLIST_KEY_UILaunchScreen_Generation[sdk=iphonesimulator*]" = YES;
				"INFOPLIST_KEY_UIStatusBarStyle[sdk=iphoneos*]" = UIStatusBarStyleDefault;
				"INFOPLIST_KEY_UIStatusBarStyle[sdk=iphonesimulator*]" = UIStatusBarStyleDefault;
				INFOPLIST_KEY_UISupportedInterfaceOrientations_iPad = "UIInterfaceOrientationPortrait UIInterfaceOrientationPortraitUpsideDown UIInterfaceOrientationLandscapeLeft UIInterfaceOrientationLandscapeRight";
				INFOPLIST_KEY_UISupportedInterfaceOrientations_iPhone = "UIInterfaceOrientationPortrait UIInterfaceOrientationLandscapeLeft UIInterfaceOrientationLandscapeRight";
				IPHONEOS_DEPLOYMENT_TARGET = 17.4;
				LD_RUNPATH_SEARCH_PATHS = "@executable_path/Frameworks";
				"LD_RUNPATH_SEARCH_PATHS[sdk=macosx*]" = "@executable_path/../Frameworks";
				MACOSX_DEPLOYMENT_TARGET = 14.4;
				MARKETING_VERSION = 1.0;
				PRODUCT_BUNDLE_IDENTIFIER = congressionapAppChallenge.RecipeRoulette;
				PRODUCT_NAME = "$(TARGET_NAME)";
				SDKROOT = auto;
				SUPPORTED_PLATFORMS = "iphoneos iphonesimulator macosx";
				SWIFT_EMIT_LOC_STRINGS = YES;
				SWIFT_VERSION = 5.0;
				TARGETED_DEVICE_FAMILY = "1,2";
			};
			name = Debug;
		};
		6D1CC1292CC7706800F24EA0 /* Release */ = {
			isa = XCBuildConfiguration;
			buildSettings = {
				ASSETCATALOG_COMPILER_APPICON_NAME = AppIcon;
				ASSETCATALOG_COMPILER_GLOBAL_ACCENT_COLOR_NAME = AccentColor;
				CODE_SIGN_ENTITLEMENTS = RecipeRoulette/RecipeRoulette.entitlements;
				CODE_SIGN_STYLE = Automatic;
				CURRENT_PROJECT_VERSION = 1;
				DEVELOPMENT_ASSET_PATHS = "\"RecipeRoulette/Preview Content\"";
				ENABLE_PREVIEWS = YES;
				GENERATE_INFOPLIST_FILE = YES;
				"INFOPLIST_KEY_UIApplicationSceneManifest_Generation[sdk=iphoneos*]" = YES;
				"INFOPLIST_KEY_UIApplicationSceneManifest_Generation[sdk=iphonesimulator*]" = YES;
				"INFOPLIST_KEY_UIApplicationSupportsIndirectInputEvents[sdk=iphoneos*]" = YES;
				"INFOPLIST_KEY_UIApplicationSupportsIndirectInputEvents[sdk=iphonesimulator*]" = YES;
				"INFOPLIST_KEY_UILaunchScreen_Generation[sdk=iphoneos*]" = YES;
				"INFOPLIST_KEY_UILaunchScreen_Generation[sdk=iphonesimulator*]" = YES;
				"INFOPLIST_KEY_UIStatusBarStyle[sdk=iphoneos*]" = UIStatusBarStyleDefault;
				"INFOPLIST_KEY_UIStatusBarStyle[sdk=iphonesimulator*]" = UIStatusBarStyleDefault;
				INFOPLIST_KEY_UISupportedInterfaceOrientations_iPad = "UIInterfaceOrientationPortrait UIInterfaceOrientationPortraitUpsideDown UIInterfaceOrientationLandscapeLeft UIInterfaceOrientationLandscapeRight";
				INFOPLIST_KEY_UISupportedInterfaceOrientations_iPhone = "UIInterfaceOrientationPortrait UIInterfaceOrientationLandscapeLeft UIInterfaceOrientationLandscapeRight";
				IPHONEOS_DEPLOYMENT_TARGET = 17.4;
				LD_RUNPATH_SEARCH_PATHS = "@executable_path/Frameworks";
				"LD_RUNPATH_SEARCH_PATHS[sdk=macosx*]" = "@executable_path/../Frameworks";
				MACOSX_DEPLOYMENT_TARGET = 14.4;
				MARKETING_VERSION = 1.0;
				PRODUCT_BUNDLE_IDENTIFIER = congressionapAppChallenge.RecipeRoulette;
				PRODUCT_NAME = "$(TARGET_NAME)";
				SDKROOT = auto;
				SUPPORTED_PLATFORMS = "iphoneos iphonesimulator macosx";
				SWIFT_EMIT_LOC_STRINGS = YES;
				SWIFT_VERSION = 5.0;
				TARGETED_DEVICE_FAMILY = "1,2";
			};
			name = Release;
		};
		6D1CC12B2CC7706800F24EA0 /* Debug */ = {
			isa = XCBuildConfiguration;
			buildSettings = {
				ALWAYS_EMBED_SWIFT_STANDARD_LIBRARIES = YES;
				BUNDLE_LOADER = "$(TEST_HOST)";
				CODE_SIGN_STYLE = Automatic;
				CURRENT_PROJECT_VERSION = 1;
				GENERATE_INFOPLIST_FILE = YES;
				IPHONEOS_DEPLOYMENT_TARGET = 17.4;
				MACOSX_DEPLOYMENT_TARGET = 14.4;
				MARKETING_VERSION = 1.0;
				PRODUCT_BUNDLE_IDENTIFIER = congressionapAppChallenge.RecipeRouletteTests;
				PRODUCT_NAME = "$(TARGET_NAME)";
				SDKROOT = auto;
				SUPPORTED_PLATFORMS = "iphoneos iphonesimulator macosx";
				SWIFT_EMIT_LOC_STRINGS = NO;
				SWIFT_VERSION = 5.0;
				TARGETED_DEVICE_FAMILY = "1,2";
				TEST_HOST = "$(BUILT_PRODUCTS_DIR)/RecipeRoulette.app/$(BUNDLE_EXECUTABLE_FOLDER_PATH)/RecipeRoulette";
			};
			name = Debug;
		};
		6D1CC12C2CC7706800F24EA0 /* Release */ = {
			isa = XCBuildConfiguration;
			buildSettings = {
				ALWAYS_EMBED_SWIFT_STANDARD_LIBRARIES = YES;
				BUNDLE_LOADER = "$(TEST_HOST)";
				CODE_SIGN_STYLE = Automatic;
				CURRENT_PROJECT_VERSION = 1;
				GENERATE_INFOPLIST_FILE = YES;
				IPHONEOS_DEPLOYMENT_TARGET = 17.4;
				MACOSX_DEPLOYMENT_TARGET = 14.4;
				MARKETING_VERSION = 1.0;
				PRODUCT_BUNDLE_IDENTIFIER = congressionapAppChallenge.RecipeRouletteTests;
				PRODUCT_NAME = "$(TARGET_NAME)";
				SDKROOT = auto;
				SUPPORTED_PLATFORMS = "iphoneos iphonesimulator macosx";
				SWIFT_EMIT_LOC_STRINGS = NO;
				SWIFT_VERSION = 5.0;
				TARGETED_DEVICE_FAMILY = "1,2";
				TEST_HOST = "$(BUILT_PRODUCTS_DIR)/RecipeRoulette.app/$(BUNDLE_EXECUTABLE_FOLDER_PATH)/RecipeRoulette";
			};
			name = Release;
		};
		6D1CC12E2CC7706800F24EA0 /* Debug */ = {
			isa = XCBuildConfiguration;
			buildSettings = {
				ALWAYS_EMBED_SWIFT_STANDARD_LIBRARIES = YES;
				CODE_SIGN_STYLE = Automatic;
				CURRENT_PROJECT_VERSION = 1;
				GENERATE_INFOPLIST_FILE = YES;
				IPHONEOS_DEPLOYMENT_TARGET = 17.4;
				MACOSX_DEPLOYMENT_TARGET = 14.4;
				MARKETING_VERSION = 1.0;
				PRODUCT_BUNDLE_IDENTIFIER = congressionapAppChallenge.RecipeRouletteUITests;
				PRODUCT_NAME = "$(TARGET_NAME)";
				SDKROOT = auto;
				SUPPORTED_PLATFORMS = "iphoneos iphonesimulator macosx";
				SWIFT_EMIT_LOC_STRINGS = NO;
				SWIFT_VERSION = 5.0;
				TARGETED_DEVICE_FAMILY = "1,2";
				TEST_TARGET_NAME = RecipeRoulette;
			};
			name = Debug;
		};
		6D1CC12F2CC7706800F24EA0 /* Release */ = {
			isa = XCBuildConfiguration;
			buildSettings = {
				ALWAYS_EMBED_SWIFT_STANDARD_LIBRARIES = YES;
				CODE_SIGN_STYLE = Automatic;
				CURRENT_PROJECT_VERSION = 1;
				GENERATE_INFOPLIST_FILE = YES;
				IPHONEOS_DEPLOYMENT_TARGET = 17.4;
				MACOSX_DEPLOYMENT_TARGET = 14.4;
				MARKETING_VERSION = 1.0;
				PRODUCT_BUNDLE_IDENTIFIER = congressionapAppChallenge.RecipeRouletteUITests;
				PRODUCT_NAME = "$(TARGET_NAME)";
				SDKROOT = auto;
				SUPPORTED_PLATFORMS = "iphoneos iphonesimulator macosx";
				SWIFT_EMIT_LOC_STRINGS = NO;
				SWIFT_VERSION = 5.0;
				TARGETED_DEVICE_FAMILY = "1,2";
				TEST_TARGET_NAME = RecipeRoulette;
			};
			name = Release;
		};
/* End XCBuildConfiguration section */

/* Begin XCConfigurationList section */
		6D1CC0FD2CC7706500F24EA0 /* Build configuration list for PBXProject "RecipeRoulette" */ = {
			isa = XCConfigurationList;
			buildConfigurations = (
				6D1CC1252CC7706800F24EA0 /* Debug */,
				6D1CC1262CC7706800F24EA0 /* Release */,
			);
			defaultConfigurationIsVisible = 0;
			defaultConfigurationName = Release;
		};
		6D1CC1272CC7706800F24EA0 /* Build configuration list for PBXNativeTarget "RecipeRoulette" */ = {
			isa = XCConfigurationList;
			buildConfigurations = (
				6D1CC1282CC7706800F24EA0 /* Debug */,
				6D1CC1292CC7706800F24EA0 /* Release */,
			);
			defaultConfigurationIsVisible = 0;
			defaultConfigurationName = Release;
		};
		6D1CC12A2CC7706800F24EA0 /* Build configuration list for PBXNativeTarget "RecipeRouletteTests" */ = {
			isa = XCConfigurationList;
			buildConfigurations = (
				6D1CC12B2CC7706800F24EA0 /* Debug */,
				6D1CC12C2CC7706800F24EA0 /* Release */,
			);
			defaultConfigurationIsVisible = 0;
			defaultConfigurationName = Release;
		};
		6D1CC12D2CC7706800F24EA0 /* Build configuration list for PBXNativeTarget "RecipeRouletteUITests" */ = {
			isa = XCConfigurationList;
			buildConfigurations = (
				6D1CC12E2CC7706800F24EA0 /* Debug */,
				6D1CC12F2CC7706800F24EA0 /* Release */,
			);
			defaultConfigurationIsVisible = 0;
			defaultConfigurationName = Release;
		};
/* End XCConfigurationList section */
	};
	rootObject = 6D1CC0FA2CC7706500F24EA0 /* Project object */;
}
